
Microsoft Visual Studio Solution File, Format Version 12.00
# Visual Studio Version 17
VisualStudioVersion = 17.2.32526.322
MinimumVisualStudioVersion = 10.0.40219.1
Project("{FAE04EC0-301F-11D3-BF4B-00C04F79EFBC}") = "OOPArv", "OOPArv\OOPArv.csproj", "{3B4F3043-92F6-4615-AC13-0589267150EE}"
EndProject
Global
	GlobalSection(SolutionConfigurationPlatforms) = preSolution
		Debug|Any CPU = Debug|Any CPU
		Release|Any CPU = Release|Any CPU
	EndGlobalSection
	GlobalSection(ProjectConfigurationPlatforms) = postSolution
		{3B4F3043-92F6-4615-AC13-0589267150EE}.Debug|Any CPU.ActiveCfg = Debug|Any CPU
		{3B4F3043-92F6-4615-AC13-0589267150EE}.Debug|Any CPU.Build.0 = Debug|Any CPU
		{3B4F3043-92F6-4615-AC13-0589267150EE}.Release|Any CPU.ActiveCfg = Release|Any CPU
		{3B4F3043-92F6-4615-AC13-0589267150EE}.Release|Any CPU.Build.0 = Release|Any CPU
	EndGlobalSection
	GlobalSection(SolutionProperties) = preSolution
		HideSolutionNode = FALSE
	EndGlobalSection
	GlobalSection(ExtensibilityGlobals) = postSolution
		SolutionGuid = {40FCE54A-04D1-4A14-AC5B-F94565E9FA66}
	EndGlobalSection
EndGlobal
